
Microsoft Visual Studio Solution File, Format Version 12.00
# Visual Studio 14
VisualStudioVersion = 14.0.23107.0
MinimumVisualStudioVersion = 10.0.40219.1
Project("{2150E333-8FDC-42A3-9474-1A3956D46DE8}") = "EasyDDD.Core", "EasyDDD.Core", "{FD64240A-ACFA-4A7D-9963-7CE6216A3FD6}"
EndProject
Project("{FAE04EC0-301F-11D3-BF4B-00C04F79EFBC}") = "EasyDDD.Core", "EasyDDD.Core\EasyDDD.Core.csproj", "{C50B9E72-C880-4D4B-8DDA-E787D76C8B59}"
EndProject
Project("{2150E333-8FDC-42A3-9474-1A3956D46DE8}") = "Solution Items", "Solution Items", "{2E102445-577A-492E-B3A9-A6FD1050D338}"
	ProjectSection(SolutionItems) = preProject
		CodeStandard.txt = CodeStandard.txt
		DevlelopPlan.txt = DevlelopPlan.txt
	EndProjectSection
EndProject
Project("{2150E333-8FDC-42A3-9474-1A3956D46DE8}") = "EasyDDD.Infrastructure", "EasyDDD.Infrastructure", "{984A9655-7FF8-4323-8763-E210FD6B603F}"
EndProject
Project("{2150E333-8FDC-42A3-9474-1A3956D46DE8}") = "Crosscutting", "Crosscutting", "{57ADC367-81F9-4F30-9C2B-489207276267}"
EndProject
Project("{FAE04EC0-301F-11D3-BF4B-00C04F79EFBC}") = "EasyDDD.Infrastructure.Crosscutting", "EasyDDD.Infrastructure.Crosscutting\EasyDDD.Infrastructure.Crosscutting.csproj", "{4957EB7E-86DF-4471-9343-0DF0E6C20378}"
EndProject
Project("{2150E333-8FDC-42A3-9474-1A3956D46DE8}") = "Data", "Data", "{79590C4C-F8D9-48C3-B29E-92BCE4D44FA2}"
EndProject
Project("{FAE04EC0-301F-11D3-BF4B-00C04F79EFBC}") = "EasyDDD.Infrastructure.Data.MongoDB", "EasyDDD.Infrastructure.MongoDB\EasyDDD.Infrastructure.Data.MongoDB.csproj", "{ECC89F55-1AC4-408B-BA80-F9009A32B128}"
EndProject
Project("{FAE04EC0-301F-11D3-BF4B-00C04F79EFBC}") = "ConsoleDemo", "ConsoleDemo\ConsoleDemo.csproj", "{37BDFF5A-64E4-41DA-B8BA-2FF2E689B493}"
EndProject
Project("{FAE04EC0-301F-11D3-BF4B-00C04F79EFBC}") = "EasyDDD.Infrastructure.Crosscutting.Ioc.Unity", "EasyDDD.Infrastructure.Crosscutting.Ioc.Unity\EasyDDD.Infrastructure.Crosscutting.Ioc.Unity.csproj", "{02A72AE2-A9E0-459E-94AE-102FCE67E537}"
EndProject
Project("{FAE04EC0-301F-11D3-BF4B-00C04F79EFBC}") = "EasyDDD.Infrastructure.Data.EntityFramework", "EasyDDD.Infrastructure.Data.EntityFramework\EasyDDD.Infrastructure.Data.EntityFramework.csproj", "{44D371F5-D248-4823-A682-F16D640B918F}"
EndProject
Project("{FAE04EC0-301F-11D3-BF4B-00C04F79EFBC}") = "EasyDDD.Infrastructure.Crosscutting.Json.ServiceStackText", "EasyDDD.Infrastructure.Crosscutting.Json.ServiceStackText\EasyDDD.Infrastructure.Crosscutting.Json.ServiceStackText.csproj", "{696F9E35-A677-4090-A1DC-7B103A6CD5CF}"
EndProject
Project("{FAE04EC0-301F-11D3-BF4B-00C04F79EFBC}") = "EasyDDD.Infrastructure.Crosscutting.Logging.log4net", "EasyDDD.Infrastructure.Crosscutting.Logging.log4net\EasyDDD.Infrastructure.Crosscutting.Logging.log4net.csproj", "{32505B5A-9A0D-46CF-B3B8-8E40023BF3DC}"
EndProject
Project("{FAE04EC0-301F-11D3-BF4B-00C04F79EFBC}") = "EasyDDD.Infrastructure.Crosscutting.Caching.Memcached", "EasyDDD.Infrastructure.Crosscutting.Caching.Memcached\EasyDDD.Infrastructure.Crosscutting.Caching.Memcached.csproj", "{F69874DD-D80E-4777-9CC6-2A6D9DD78E2D}"
EndProject
Project("{FAE04EC0-301F-11D3-BF4B-00C04F79EFBC}") = "EasyDDD.Infrastructure.Crosscutting.Adapter.AutoMapper", "EasyDDD.Infrastructure.Crosscutting.Adapter.AutoMapper\EasyDDD.Infrastructure.Crosscutting.Adapter.AutoMapper.csproj", "{258B0BE0-D4AA-4A93-9163-2BB81CA279CC}"
EndProject
Global
	GlobalSection(SolutionConfigurationPlatforms) = preSolution
		Debug|Any CPU = Debug|Any CPU
		Release|Any CPU = Release|Any CPU
	EndGlobalSection
	GlobalSection(ProjectConfigurationPlatforms) = postSolution
		{C50B9E72-C880-4D4B-8DDA-E787D76C8B59}.Debug|Any CPU.ActiveCfg = Debug|Any CPU
		{C50B9E72-C880-4D4B-8DDA-E787D76C8B59}.Debug|Any CPU.Build.0 = Debug|Any CPU
		{C50B9E72-C880-4D4B-8DDA-E787D76C8B59}.Release|Any CPU.ActiveCfg = Release|Any CPU
		{C50B9E72-C880-4D4B-8DDA-E787D76C8B59}.Release|Any CPU.Build.0 = Release|Any CPU
		{4957EB7E-86DF-4471-9343-0DF0E6C20378}.Debug|Any CPU.ActiveCfg = Debug|Any CPU
		{4957EB7E-86DF-4471-9343-0DF0E6C20378}.Debug|Any CPU.Build.0 = Debug|Any CPU
		{4957EB7E-86DF-4471-9343-0DF0E6C20378}.Release|Any CPU.ActiveCfg = Release|Any CPU
		{4957EB7E-86DF-4471-9343-0DF0E6C20378}.Release|Any CPU.Build.0 = Release|Any CPU
		{ECC89F55-1AC4-408B-BA80-F9009A32B128}.Debug|Any CPU.ActiveCfg = Debug|Any CPU
		{ECC89F55-1AC4-408B-BA80-F9009A32B128}.Debug|Any CPU.Build.0 = Debug|Any CPU
		{ECC89F55-1AC4-408B-BA80-F9009A32B128}.Release|Any CPU.ActiveCfg = Release|Any CPU
		{ECC89F55-1AC4-408B-BA80-F9009A32B128}.Release|Any CPU.Build.0 = Release|Any CPU
		{37BDFF5A-64E4-41DA-B8BA-2FF2E689B493}.Debug|Any CPU.ActiveCfg = Debug|Any CPU
		{37BDFF5A-64E4-41DA-B8BA-2FF2E689B493}.Debug|Any CPU.Build.0 = Debug|Any CPU
		{37BDFF5A-64E4-41DA-B8BA-2FF2E689B493}.Release|Any CPU.ActiveCfg = Release|Any CPU
		{37BDFF5A-64E4-41DA-B8BA-2FF2E689B493}.Release|Any CPU.Build.0 = Release|Any CPU
		{02A72AE2-A9E0-459E-94AE-102FCE67E537}.Debug|Any CPU.ActiveCfg = Debug|Any CPU
		{02A72AE2-A9E0-459E-94AE-102FCE67E537}.Debug|Any CPU.Build.0 = Debug|Any CPU
		{02A72AE2-A9E0-459E-94AE-102FCE67E537}.Release|Any CPU.ActiveCfg = Release|Any CPU
		{02A72AE2-A9E0-459E-94AE-102FCE67E537}.Release|Any CPU.Build.0 = Release|Any CPU
		{44D371F5-D248-4823-A682-F16D640B918F}.Debug|Any CPU.ActiveCfg = Debug|Any CPU
		{44D371F5-D248-4823-A682-F16D640B918F}.Debug|Any CPU.Build.0 = Debug|Any CPU
		{44D371F5-D248-4823-A682-F16D640B918F}.Release|Any CPU.ActiveCfg = Release|Any CPU
		{44D371F5-D248-4823-A682-F16D640B918F}.Release|Any CPU.Build.0 = Release|Any CPU
		{696F9E35-A677-4090-A1DC-7B103A6CD5CF}.Debug|Any CPU.ActiveCfg = Debug|Any CPU
		{696F9E35-A677-4090-A1DC-7B103A6CD5CF}.Debug|Any CPU.Build.0 = Debug|Any CPU
		{696F9E35-A677-4090-A1DC-7B103A6CD5CF}.Release|Any CPU.ActiveCfg = Release|Any CPU
		{696F9E35-A677-4090-A1DC-7B103A6CD5CF}.Release|Any CPU.Build.0 = Release|Any CPU
		{32505B5A-9A0D-46CF-B3B8-8E40023BF3DC}.Debug|Any CPU.ActiveCfg = Debug|Any CPU
		{32505B5A-9A0D-46CF-B3B8-8E40023BF3DC}.Debug|Any CPU.Build.0 = Debug|Any CPU
		{32505B5A-9A0D-46CF-B3B8-8E40023BF3DC}.Release|Any CPU.ActiveCfg = Release|Any CPU
		{32505B5A-9A0D-46CF-B3B8-8E40023BF3DC}.Release|Any CPU.Build.0 = Release|Any CPU
		{F69874DD-D80E-4777-9CC6-2A6D9DD78E2D}.Debug|Any CPU.ActiveCfg = Debug|Any CPU
		{F69874DD-D80E-4777-9CC6-2A6D9DD78E2D}.Debug|Any CPU.Build.0 = Debug|Any CPU
		{F69874DD-D80E-4777-9CC6-2A6D9DD78E2D}.Release|Any CPU.ActiveCfg = Release|Any CPU
		{F69874DD-D80E-4777-9CC6-2A6D9DD78E2D}.Release|Any CPU.Build.0 = Release|Any CPU
		{258B0BE0-D4AA-4A93-9163-2BB81CA279CC}.Debug|Any CPU.ActiveCfg = Debug|Any CPU
		{258B0BE0-D4AA-4A93-9163-2BB81CA279CC}.Debug|Any CPU.Build.0 = Debug|Any CPU
		{258B0BE0-D4AA-4A93-9163-2BB81CA279CC}.Release|Any CPU.ActiveCfg = Release|Any CPU
		{258B0BE0-D4AA-4A93-9163-2BB81CA279CC}.Release|Any CPU.Build.0 = Release|Any CPU
	EndGlobalSection
	GlobalSection(SolutionProperties) = preSolution
		HideSolutionNode = FALSE
	EndGlobalSection
	GlobalSection(NestedProjects) = preSolution
		{C50B9E72-C880-4D4B-8DDA-E787D76C8B59} = {FD64240A-ACFA-4A7D-9963-7CE6216A3FD6}
		{57ADC367-81F9-4F30-9C2B-489207276267} = {984A9655-7FF8-4323-8763-E210FD6B603F}
		{4957EB7E-86DF-4471-9343-0DF0E6C20378} = {57ADC367-81F9-4F30-9C2B-489207276267}
		{79590C4C-F8D9-48C3-B29E-92BCE4D44FA2} = {984A9655-7FF8-4323-8763-E210FD6B603F}
		{ECC89F55-1AC4-408B-BA80-F9009A32B128} = {79590C4C-F8D9-48C3-B29E-92BCE4D44FA2}
		{02A72AE2-A9E0-459E-94AE-102FCE67E537} = {57ADC367-81F9-4F30-9C2B-489207276267}
		{44D371F5-D248-4823-A682-F16D640B918F} = {79590C4C-F8D9-48C3-B29E-92BCE4D44FA2}
		{696F9E35-A677-4090-A1DC-7B103A6CD5CF} = {57ADC367-81F9-4F30-9C2B-489207276267}
		{32505B5A-9A0D-46CF-B3B8-8E40023BF3DC} = {57ADC367-81F9-4F30-9C2B-489207276267}
		{F69874DD-D80E-4777-9CC6-2A6D9DD78E2D} = {57ADC367-81F9-4F30-9C2B-489207276267}
		{258B0BE0-D4AA-4A93-9163-2BB81CA279CC} = {57ADC367-81F9-4F30-9C2B-489207276267}
	EndGlobalSection
EndGlobal
